
Microsoft Visual Studio Solution File, Format Version 12.00
# Visual Studio Version 16
VisualStudioVersion = 25.0.1706.7
MinimumVisualStudioVersion = 10.0.40219.1
Project("{FAE04EC0-301F-11D3-BF4B-00C04F79EFBC}") = "Tetris99", "Tetris99\Tetris99.csproj", "{48897795-C42D-42AE-810A-058EB9267DE6}"
EndProject
Global
	GlobalSection(SolutionConfigurationPlatforms) = preSolution
		Debug|Any CPU = Debug|Any CPU
		Release|Any CPU = Release|Any CPU
	EndGlobalSection
	GlobalSection(ProjectConfigurationPlatforms) = postSolution
		{48897795-C42D-42AE-810A-058EB9267DE6}.Debug|Any CPU.ActiveCfg = Debug|Any CPU
		{48897795-C42D-42AE-810A-058EB9267DE6}.Debug|Any CPU.Build.0 = Debug|Any CPU
		{48897795-C42D-42AE-810A-058EB9267DE6}.Release|Any CPU.ActiveCfg = Release|Any CPU
		{48897795-C42D-42AE-810A-058EB9267DE6}.Release|Any CPU.Build.0 = Release|Any CPU
	EndGlobalSection
	GlobalSection(SolutionProperties) = preSolution
		HideSolutionNode = FALSE
	EndGlobalSection
	GlobalSection(ExtensibilityGlobals) = postSolution
		SolutionGuid = {27CB146E-3F9F-456E-A414-1A38A4AEDEB2}
	EndGlobalSection
EndGlobal
