
Microsoft Visual Studio Solution File, Format Version 12.00
# Visual Studio Version 16
VisualStudioVersion = 25.0.1706.4
MinimumVisualStudioVersion = 10.0.40219.1
Project("{FAE04EC0-301F-11D3-BF4B-00C04F79EFBC}") = "splash", "splash\splash.csproj", "{83F71A75-64E2-461B-B70E-D1DC2EA636EA}"
EndProject
Global
	GlobalSection(SolutionConfigurationPlatforms) = preSolution
		Debug|Any CPU = Debug|Any CPU
		Release|Any CPU = Release|Any CPU
	EndGlobalSection
	GlobalSection(ProjectConfigurationPlatforms) = postSolution
		{83F71A75-64E2-461B-B70E-D1DC2EA636EA}.Debug|Any CPU.ActiveCfg = Debug|Any CPU
		{83F71A75-64E2-461B-B70E-D1DC2EA636EA}.Debug|Any CPU.Build.0 = Debug|Any CPU
		{83F71A75-64E2-461B-B70E-D1DC2EA636EA}.Release|Any CPU.ActiveCfg = Release|Any CPU
		{83F71A75-64E2-461B-B70E-D1DC2EA636EA}.Release|Any CPU.Build.0 = Release|Any CPU
	EndGlobalSection
	GlobalSection(SolutionProperties) = preSolution
		HideSolutionNode = FALSE
	EndGlobalSection
	GlobalSection(ExtensibilityGlobals) = postSolution
		SolutionGuid = {37FE5610-F994-4565-A05A-7855D445081C}
	EndGlobalSection
EndGlobal
