
Microsoft Visual Studio Solution File, Format Version 12.00
# Visual Studio Version 16
VisualStudioVersion = 25.0.1706.4
MinimumVisualStudioVersion = 10.0.40219.1
Project("{FAE04EC0-301F-11D3-BF4B-00C04F79EFBC}") = "Colections", "Colections\Colections.csproj", "{2F51C945-3B9C-4D60-BE4E-932516751E08}"
EndProject
Global
	GlobalSection(SolutionConfigurationPlatforms) = preSolution
		Debug|Any CPU = Debug|Any CPU
		Release|Any CPU = Release|Any CPU
	EndGlobalSection
	GlobalSection(ProjectConfigurationPlatforms) = postSolution
		{2F51C945-3B9C-4D60-BE4E-932516751E08}.Debug|Any CPU.ActiveCfg = Debug|Any CPU
		{2F51C945-3B9C-4D60-BE4E-932516751E08}.Debug|Any CPU.Build.0 = Debug|Any CPU
		{2F51C945-3B9C-4D60-BE4E-932516751E08}.Release|Any CPU.ActiveCfg = Release|Any CPU
		{2F51C945-3B9C-4D60-BE4E-932516751E08}.Release|Any CPU.Build.0 = Release|Any CPU
	EndGlobalSection
	GlobalSection(SolutionProperties) = preSolution
		HideSolutionNode = FALSE
	EndGlobalSection
	GlobalSection(ExtensibilityGlobals) = postSolution
		SolutionGuid = {CB39FA0F-4D03-4901-B32A-BB47766C1FB3}
	EndGlobalSection
EndGlobal
