
Microsoft Visual Studio Solution File, Format Version 12.00
# Visual Studio Version 16
VisualStudioVersion = 25.0.1706.7
MinimumVisualStudioVersion = 10.0.40219.1
Project("{FAE04EC0-301F-11D3-BF4B-00C04F79EFBC}") = "MusicPlayerApp", "MusicPlayerApp.csproj", "{83882776-45ED-4777-A0C9-011FCA8DBC55}"
EndProject
Global
	GlobalSection(SolutionConfigurationPlatforms) = preSolution
		Debug|Any CPU = Debug|Any CPU
		Release|Any CPU = Release|Any CPU
	EndGlobalSection
	GlobalSection(ProjectConfigurationPlatforms) = postSolution
		{83882776-45ED-4777-A0C9-011FCA8DBC55}.Debug|Any CPU.ActiveCfg = Debug|Any CPU
		{83882776-45ED-4777-A0C9-011FCA8DBC55}.Debug|Any CPU.Build.0 = Debug|Any CPU
		{83882776-45ED-4777-A0C9-011FCA8DBC55}.Release|Any CPU.ActiveCfg = Release|Any CPU
		{83882776-45ED-4777-A0C9-011FCA8DBC55}.Release|Any CPU.Build.0 = Release|Any CPU
	EndGlobalSection
	GlobalSection(SolutionProperties) = preSolution
		HideSolutionNode = FALSE
	EndGlobalSection
	GlobalSection(ExtensibilityGlobals) = postSolution
		SolutionGuid = {84859A1C-F2F4-432D-B3BF-D5F79D519D35}
	EndGlobalSection
EndGlobal
